# This file was autogenerated by Stack.
# You should not edit this file by hand.
# For more information, please see the documentation at:
#   https://docs.haskellstack.org/en/stable/lock_files

packages:
- completed:
    hackage: quickcheck-classes-0.4.13@sha256:1c14bb5a4757839ce5cf02062c929675f531806283f576bf466517d506e18a1e,3427
    pantry-tree:
      size: 2595
      sha256: c8d11b0679fc1cc2290e8842fe1bdab1e9e8824b2bf58bf1f49e3fcecb7130f1
  original:
    hackage: quickcheck-classes-0.4.13
- completed:
    hackage: semirings-0.1.3.0@sha256:376d1fdb9e2e755d64a3feb559f71017c1095fb6683dbbb8daeaf34be6af6950,3406
    pantry-tree:
      size: 430
      sha256: 773a7060e78d82e6333b97427d909adf1a88d27ed9c600c77c0e15f92eee94e7
  original:
    hackage: semirings-0.1.3.0
snapshots:
- completed:
    size: 509471
    url: https://raw.githubusercontent.com/commercialhaskell/stackage-snapshots/master/lts/12/26.yaml
    sha256: 95f014df58d0679b1c4a2b7bf2b652b61da8d30de5f571abb0d59015ef678646
  original: lts-12.26
