# This file was autogenerated by Stack.
# You should not edit this file by hand.
# For more information, please see the documentation at:
#   https://docs.haskellstack.org/en/stable/lock_files

packages: []
snapshots:
- completed:
    sha256: 95b923f4f2efe2b6ba05c93ded367dfab81c545c0700731e5bef70bab03d9903
    size: 644344
    url: https://raw.githubusercontent.com/commercialhaskell/stackage-snapshots/master/nightly/2024/5/28.yaml
  original: nightly-2024-05-28
